
Microsoft Visual Studio Solution File, Format Version 12.00
# Visual Studio Version 17
VisualStudioVersion = 17.5.33516.290
MinimumVisualStudioVersion = 10.0.40219.1
Project("{FAE04EC0-301F-11D3-BF4B-00C04F79EFBC}") = "C# Class", "C# Class\C# Class.csproj", "{9F68E566-38C0-4306-A71C-F279839F60AB}"
EndProject
Global
	GlobalSection(SolutionConfigurationPlatforms) = preSolution
		Debug|Any CPU = Debug|Any CPU
		Release|Any CPU = Release|Any CPU
	EndGlobalSection
	GlobalSection(ProjectConfigurationPlatforms) = postSolution
		{9F68E566-38C0-4306-A71C-F279839F60AB}.Debug|Any CPU.ActiveCfg = Debug|Any CPU
		{9F68E566-38C0-4306-A71C-F279839F60AB}.Debug|Any CPU.Build.0 = Debug|Any CPU
		{9F68E566-38C0-4306-A71C-F279839F60AB}.Release|Any CPU.ActiveCfg = Release|Any CPU
		{9F68E566-38C0-4306-A71C-F279839F60AB}.Release|Any CPU.Build.0 = Release|Any CPU
	EndGlobalSection
	GlobalSection(SolutionProperties) = preSolution
		HideSolutionNode = FALSE
	EndGlobalSection
	GlobalSection(ExtensibilityGlobals) = postSolution
		SolutionGuid = {A003221A-2D24-4F1B-BCCE-453A326884DC}
	EndGlobalSection
EndGlobal
